{
  "version": 4,
  "terraform_version": "1.5.2",
  "serial": 18,
  "lineage": "d00a0245-3346-12ea-b94b-50d4be1c66fc",
  "outputs": {},
  "resources": [
    {
      "mode": "managed",
      "type": "azurerm_resource_group",
      "name": "xiao_example_rg",
      "provider": "provider[\"registry.terraform.io/hashicorp/azurerm\"]",
      "instances": [
        {
          "schema_version": 0,
          "attributes": {
            "id": "/subscriptions/964c5f2f-1d14-4d24-99c2-4cdbc2affdaf/resourceGroups/rg-xiao-example",
            "location": "japaneast",
            "name": "rg-xiao-example",
            "tags": {
              "environment": "dev",
              "product": "xiao"
            },
            "timeouts": null
          },
          "sensitive_attributes": [],
          "private": "eyJlMmJmYjczMC1lY2FhLTExZTYtOGY4OC0zNDM2M2JjN2M0YzAiOnsiY3JlYXRlIjo1NDAwMDAwMDAwMDAwLCJkZWxldGUiOjU0MDAwMDAwMDAwMDAsInJlYWQiOjMwMDAwMDAwMDAwMCwidXBkYXRlIjo1NDAwMDAwMDAwMDAwfX0="
        }
      ]
    },
    {
      "module": "module.vm",
      "mode": "managed",
      "type": "azurerm_bastion_host",
      "name": "bastion",
      "provider": "module.vm.provider[\"registry.terraform.io/hashicorp/azurerm\"]",
      "instances": [
        {
          "schema_version": 0,
          "attributes": {
            "copy_paste_enabled": true,
            "dns_name": "bst-25955223-7876-4e13-9325-095c62678e98.bastion.azure.com",
            "file_copy_enabled": false,
            "id": "/subscriptions/964c5f2f-1d14-4d24-99c2-4cdbc2affdaf/resourceGroups/rg-xiao-example/providers/Microsoft.Network/bastionHosts/bsn-xiao-dev-001",
            "ip_configuration": [
              {
                "name": "bsn-ip-config-xiao-dev-001",
                "public_ip_address_id": "/subscriptions/964c5f2f-1d14-4d24-99c2-4cdbc2affdaf/resourceGroups/rg-xiao-example/providers/Microsoft.Network/publicIPAddresses/pip-bastion",
                "subnet_id": "/subscriptions/964c5f2f-1d14-4d24-99c2-4cdbc2affdaf/resourceGroups/rg-xiao-example/providers/Microsoft.Network/virtualNetworks/vnet-xiao-dev-001/subnets/AzureBastionSubnet"
              }
            ],
            "ip_connect_enabled": false,
            "location": "japaneast",
            "name": "bsn-xiao-dev-001",
            "resource_group_name": "rg-xiao-example",
            "scale_units": 2,
            "shareable_link_enabled": false,
            "sku": "Basic",
            "tags": {},
            "timeouts": null,
            "tunneling_enabled": false
          },
          "sensitive_attributes": [],
          "private": "eyJlMmJmYjczMC1lY2FhLTExZTYtOGY4OC0zNDM2M2JjN2M0YzAiOnsiY3JlYXRlIjoxODAwMDAwMDAwMDAwLCJkZWxldGUiOjE4MDAwMDAwMDAwMDAsInJlYWQiOjMwMDAwMDAwMDAwMCwidXBkYXRlIjoxODAwMDAwMDAwMDAwfX0=",
          "dependencies": [
            "azurerm_resource_group.xiao_example_rg",
            "module.vm.azurerm_public_ip.bastion_public_ip",
            "module.vnet.azurerm_subnet.bastion_subnet",
            "module.vnet.azurerm_virtual_network.vnet"
          ]
        }
      ]
    },
    {
      "module": "module.vm",
      "mode": "managed",
      "type": "azurerm_public_ip",
      "name": "bastion_public_ip",
      "provider": "module.vm.provider[\"registry.terraform.io/hashicorp/azurerm\"]",
      "instances": [
        {
          "schema_version": 0,
          "attributes": {
            "allocation_method": "Static",
            "ddos_protection_mode": "VirtualNetworkInherited",
            "ddos_protection_plan_id": null,
            "domain_name_label": null,
            "edge_zone": "",
            "fqdn": null,
            "id": "/subscriptions/964c5f2f-1d14-4d24-99c2-4cdbc2affdaf/resourceGroups/rg-xiao-example/providers/Microsoft.Network/publicIPAddresses/pip-bastion",
            "idle_timeout_in_minutes": 4,
            "ip_address": "20.89.153.194",
            "ip_tags": {},
            "ip_version": "IPv4",
            "location": "japaneast",
            "name": "pip-bastion",
            "public_ip_prefix_id": null,
            "resource_group_name": "rg-xiao-example",
            "reverse_fqdn": null,
            "sku": "Standard",
            "sku_tier": "Regional",
            "tags": {},
            "timeouts": null,
            "zones": []
          },
          "sensitive_attributes": [],
          "private": "eyJlMmJmYjczMC1lY2FhLTExZTYtOGY4OC0zNDM2M2JjN2M0YzAiOnsiY3JlYXRlIjoxODAwMDAwMDAwMDAwLCJkZWxldGUiOjE4MDAwMDAwMDAwMDAsInJlYWQiOjMwMDAwMDAwMDAwMCwidXBkYXRlIjoxODAwMDAwMDAwMDAwfX0=",
          "dependencies": [
            "azurerm_resource_group.xiao_example_rg"
          ]
        }
      ]
    },
    {
      "module": "module.vnet",
      "mode": "managed",
      "type": "azurerm_subnet",
      "name": "bastion_subnet",
      "provider": "module.vnet.provider[\"registry.terraform.io/hashicorp/azurerm\"]",
      "instances": [
        {
          "schema_version": 0,
          "attributes": {
            "address_prefixes": [
              "10.2.18.64/27"
            ],
            "delegation": [],
            "enforce_private_link_endpoint_network_policies": false,
            "enforce_private_link_service_network_policies": false,
            "id": "/subscriptions/964c5f2f-1d14-4d24-99c2-4cdbc2affdaf/resourceGroups/rg-xiao-example/providers/Microsoft.Network/virtualNetworks/vnet-xiao-dev-001/subnets/AzureBastionSubnet",
            "name": "AzureBastionSubnet",
            "private_endpoint_network_policies_enabled": true,
            "private_link_service_network_policies_enabled": true,
            "resource_group_name": "rg-xiao-example",
            "service_endpoint_policy_ids": [],
            "service_endpoints": [],
            "timeouts": null,
            "virtual_network_name": "vnet-xiao-dev-001"
          },
          "sensitive_attributes": [],
          "private": "eyJlMmJmYjczMC1lY2FhLTExZTYtOGY4OC0zNDM2M2JjN2M0YzAiOnsiY3JlYXRlIjoxODAwMDAwMDAwMDAwLCJkZWxldGUiOjE4MDAwMDAwMDAwMDAsInJlYWQiOjMwMDAwMDAwMDAwMCwidXBkYXRlIjoxODAwMDAwMDAwMDAwfX0=",
          "dependencies": [
            "azurerm_resource_group.xiao_example_rg",
            "module.vnet.azurerm_virtual_network.vnet"
          ]
        }
      ]
    },
    {
      "module": "module.vnet",
      "mode": "managed",
      "type": "azurerm_virtual_network",
      "name": "vnet",
      "provider": "module.vnet.provider[\"registry.terraform.io/hashicorp/azurerm\"]",
      "instances": [
        {
          "schema_version": 0,
          "attributes": {
            "address_space": [
              "10.2.18.0/24"
            ],
            "bgp_community": "",
            "ddos_protection_plan": [],
            "dns_servers": [
              "1.1.1.1"
            ],
            "edge_zone": "",
            "flow_timeout_in_minutes": 0,
            "guid": "c5b48ee9-8d96-4613-a8f8-90df79a0920c",
            "id": "/subscriptions/964c5f2f-1d14-4d24-99c2-4cdbc2affdaf/resourceGroups/rg-xiao-example/providers/Microsoft.Network/virtualNetworks/vnet-xiao-dev-001",
            "location": "japaneast",
            "name": "vnet-xiao-dev-001",
            "resource_group_name": "rg-xiao-example",
            "subnet": [
              {
                "address_prefix": "10.2.18.0/26",
                "id": "/subscriptions/964c5f2f-1d14-4d24-99c2-4cdbc2affdaf/resourceGroups/rg-xiao-example/providers/Microsoft.Network/virtualNetworks/vnet-xiao-dev-001/subnets/snet-xiao-default-private-dev-001",
                "name": "snet-xiao-default-private-dev-001",
                "security_group": ""
              },
              {
                "address_prefix": "10.2.18.64/27",
                "id": "/subscriptions/964c5f2f-1d14-4d24-99c2-4cdbc2affdaf/resourceGroups/rg-xiao-example/providers/Microsoft.Network/virtualNetworks/vnet-xiao-dev-001/subnets/AzureBastionSubnet",
                "name": "AzureBastionSubnet",
                "security_group": ""
              }
            ],
            "tags": {
              "environment": "dev",
              "product": "xiao"
            },
            "timeouts": null
          },
          "sensitive_attributes": [],
          "private": "eyJlMmJmYjczMC1lY2FhLTExZTYtOGY4OC0zNDM2M2JjN2M0YzAiOnsiY3JlYXRlIjoxODAwMDAwMDAwMDAwLCJkZWxldGUiOjE4MDAwMDAwMDAwMDAsInJlYWQiOjMwMDAwMDAwMDAwMCwidXBkYXRlIjoxODAwMDAwMDAwMDAwfX0=",
          "dependencies": [
            "azurerm_resource_group.xiao_example_rg"
          ]
        }
      ]
    }
  ],
  "check_results": null
}
